// !$*UTF8*$!
{
	archiveVersion = 1;
	classes = {
	};
	objectVersion = 50;
	objects = {

/* Begin PBXBuildFile section */
		724BA48126565AF400B3B276 /* AppDelegate.swift in Sources */ = {isa = PBXBuildFile; fileRef = 724BA48026565AF400B3B276 /* AppDelegate.swift */; };
		724BA48326565AF400B3B276 /* SceneDelegate.swift in Sources */ = {isa = PBXBuildFile; fileRef = 724BA48226565AF400B3B276 /* SceneDelegate.swift */; };
		724BA48526565AF400B3B276 /* ViewController.swift in Sources */ = {isa = PBXBuildFile; fileRef = 724BA48426565AF400B3B276 /* ViewController.swift */; };
		724BA48826565AF400B3B276 /* Main.storyboard in Resources */ = {isa = PBXBuildFile; fileRef = 724BA48626565AF400B3B276 /* Main.storyboard */; };
		724BA48A26565AF600B3B276 /* Assets.xcassets in Resources */ = {isa = PBXBuildFile; fileRef = 724BA48926565AF600B3B276 /* Assets.xcassets */; };
		724BA48D26565AF600B3B276 /* LaunchScreen.storyboard in Resources */ = {isa = PBXBuildFile; fileRef = 724BA48B26565AF600B3B276 /* LaunchScreen.storyboard */; };
		72D6ED9926566D2200A16416 /* NetworkWeatherManager.swift in Sources */ = {isa = PBXBuildFile; fileRef = 72D6ED9826566D2200A16416 /* NetworkWeatherManager.swift */; };
		72D6ED9C26566F4E00A16416 /* Constants.swift in Sources */ = {isa = PBXBuildFile; fileRef = 72D6ED9B26566F4E00A16416 /* Constants.swift */; };
		72D6EDA026567C3400A16416 /* CurrentWeatherData.swift in Sources */ = {isa = PBXBuildFile; fileRef = 72D6ED9F26567C3400A16416 /* CurrentWeatherData.swift */; };
		72D6EDA3265683C800A16416 /* CurrentWeather.swift in Sources */ = {isa = PBXBuildFile; fileRef = 72D6EDA2265683C800A16416 /* CurrentWeather.swift */; };
/* End PBXBuildFile section */

/* Begin PBXFileReference section */
		724BA47D26565AF400B3B276 /* MyWeather.app */ = {isa = PBXFileReference; explicitFileType = wrapper.application; includeInIndex = 0; path = MyWeather.app; sourceTree = BUILT_PRODUCTS_DIR; };
		724BA48026565AF400B3B276 /* AppDelegate.swift */ = {isa = PBXFileReference; lastKnownFileType = sourcecode.swift; path = AppDelegate.swift; sourceTree = "<group>"; };
		724BA48226565AF400B3B276 /* SceneDelegate.swift */ = {isa = PBXFileReference; lastKnownFileType = sourcecode.swift; path = SceneDelegate.swift; sourceTree = "<group>"; };
		724BA48426565AF400B3B276 /* ViewController.swift */ = {isa = PBXFileReference; lastKnownFileType = sourcecode.swift; path = ViewController.swift; sourceTree = "<group>"; };
		724BA48726565AF400B3B276 /* Base */ = {isa = PBXFileReference; lastKnownFileType = file.storyboard; name = Base; path = Base.lproj/Main.storyboard; sourceTree = "<group>"; };
		724BA48926565AF600B3B276 /* Assets.xcassets */ = {isa = PBXFileReference; lastKnownFileType = folder.assetcatalog; path = Assets.xcassets; sourceTree = "<group>"; };
		724BA48C26565AF600B3B276 /* Base */ = {isa = PBXFileReference; lastKnownFileType = file.storyboard; name = Base; path = Base.lproj/LaunchScreen.storyboard; sourceTree = "<group>"; };
		724BA48E26565AF600B3B276 /* Info.plist */ = {isa = PBXFileReference; lastKnownFileType = text.plist.xml; path = Info.plist; sourceTree = "<group>"; };
		72D6ED9826566D2200A16416 /* NetworkWeatherManager.swift */ = {isa = PBXFileReference; lastKnownFileType = sourcecode.swift; path = NetworkWeatherManager.swift; sourceTree = "<group>"; };
		72D6ED9B26566F4E00A16416 /* Constants.swift */ = {isa = PBXFileReference; lastKnownFileType = sourcecode.swift; path = Constants.swift; sourceTree = "<group>"; };
		72D6ED9F26567C3400A16416 /* CurrentWeatherData.swift */ = {isa = PBXFileReference; lastKnownFileType = sourcecode.swift; path = CurrentWeatherData.swift; sourceTree = "<group>"; };
		72D6EDA2265683C800A16416 /* CurrentWeather.swift */ = {isa = PBXFileReference; lastKnownFileType = sourcecode.swift; path = CurrentWeather.swift; sourceTree = "<group>"; };
/* End PBXFileReference section */

/* Begin PBXFrameworksBuildPhase section */
		724BA47A26565AF400B3B276 /* Frameworks */ = {
			isa = PBXFrameworksBuildPhase;
			buildActionMask = 2147483647;
			files = (
			);
			runOnlyForDeploymentPostprocessing = 0;
		};
/* End PBXFrameworksBuildPhase section */

/* Begin PBXGroup section */
		724BA47426565AF300B3B276 = {
			isa = PBXGroup;
			children = (
				724BA47F26565AF400B3B276 /* MyWeather */,
				724BA47E26565AF400B3B276 /* Products */,
			);
			sourceTree = "<group>";
		};
		724BA47E26565AF400B3B276 /* Products */ = {
			isa = PBXGroup;
			children = (
				724BA47D26565AF400B3B276 /* MyWeather.app */,
			);
			name = Products;
			sourceTree = "<group>";
		};
		724BA47F26565AF400B3B276 /* MyWeather */ = {
			isa = PBXGroup;
			children = (
				724BA49726565B9600B3B276 /* Supporting files */,
				72BC96C72672876700993A07 /* Resources */,
				724BA49A26565BD000B3B276 /* Models */,
				724BA49B26565BD700B3B276 /* Views */,
				724BA49C26565BE100B3B276 /* Controllers */,
			);
			path = MyWeather;
			sourceTree = "<group>";
		};
		724BA49726565B9600B3B276 /* Supporting files */ = {
			isa = PBXGroup;
			children = (
				724BA48026565AF400B3B276 /* AppDelegate.swift */,
				724BA48226565AF400B3B276 /* SceneDelegate.swift */,
				724BA48B26565AF600B3B276 /* LaunchScreen.storyboard */,
				724BA48E26565AF600B3B276 /* Info.plist */,
			);
			path = "Supporting files";
			sourceTree = "<group>";
		};
		724BA49A26565BD000B3B276 /* Models */ = {
			isa = PBXGroup;
			children = (
				72D6ED9826566D2200A16416 /* NetworkWeatherManager.swift */,
				72D6ED9F26567C3400A16416 /* CurrentWeatherData.swift */,
				72D6EDA2265683C800A16416 /* CurrentWeather.swift */,
			);
			path = Models;
			sourceTree = "<group>";
		};
		724BA49B26565BD700B3B276 /* Views */ = {
			isa = PBXGroup;
			children = (
				724BA48626565AF400B3B276 /* Main.storyboard */,
			);
			path = Views;
			sourceTree = "<group>";
		};
		724BA49C26565BE100B3B276 /* Controllers */ = {
			isa = PBXGroup;
			children = (
				724BA48426565AF400B3B276 /* ViewController.swift */,
			);
			path = Controllers;
			sourceTree = "<group>";
		};
		72BC96C72672876700993A07 /* Resources */ = {
			isa = PBXGroup;
			children = (
				72D6ED9B26566F4E00A16416 /* Constants.swift */,
				724BA48926565AF600B3B276 /* Assets.xcassets */,
			);
			path = Resources;
			sourceTree = "<group>";
		};
/* End PBXGroup section */

/* Begin PBXNativeTarget section */
		724BA47C26565AF400B3B276 /* MyWeather */ = {
			isa = PBXNativeTarget;
			buildConfigurationList = 724BA49126565AF600B3B276 /* Build configuration list for PBXNativeTarget "MyWeather" */;
			buildPhases = (
				724BA47926565AF400B3B276 /* Sources */,
				724BA47A26565AF400B3B276 /* Frameworks */,
				724BA47B26565AF400B3B276 /* Resources */,
				724BA49526565B3200B3B276 /* SwiftLint */,
			);
			buildRules = (
			);
			dependencies = (
			);
			name = MyWeather;
			productName = MyWeather;
			productReference = 724BA47D26565AF400B3B276 /* MyWeather.app */;
			productType = "com.apple.product-type.application";
		};
/* End PBXNativeTarget section */

/* Begin PBXProject section */
		724BA47526565AF400B3B276 /* Project object */ = {
			isa = PBXProject;
			attributes = {
				LastSwiftUpdateCheck = 1230;
				LastUpgradeCheck = 1230;
				TargetAttributes = {
					724BA47C26565AF400B3B276 = {
						CreatedOnToolsVersion = 12.3;
					};
				};
			};
			buildConfigurationList = 724BA47826565AF400B3B276 /* Build configuration list for PBXProject "MyWeather" */;
			compatibilityVersion = "Xcode 9.3";
			developmentRegion = en;
			hasScannedForEncodings = 0;
			knownRegions = (
				en,
				Base,
			);
			mainGroup = 724BA47426565AF300B3B276;
			productRefGroup = 724BA47E26565AF400B3B276 /* Products */;
			projectDirPath = "";
			projectRoot = "";
			targets = (
				724BA47C26565AF400B3B276 /* MyWeather */,
			);
		};
/* End PBXProject section */

/* Begin PBXResourcesBuildPhase section */
		724BA47B26565AF400B3B276 /* Resources */ = {
			isa = PBXResourcesBuildPhase;
			buildActionMask = 2147483647;
			files = (
				724BA48D26565AF600B3B276 /* LaunchScreen.storyboard in Resources */,
				724BA48A26565AF600B3B276 /* Assets.xcassets in Resources */,
				724BA48826565AF400B3B276 /* Main.storyboard in Resources */,
			);
			runOnlyForDeploymentPostprocessing = 0;
		};
/* End PBXResourcesBuildPhase section */

/* Begin PBXShellScriptBuildPhase section */
		724BA49526565B3200B3B276 /* SwiftLint */ = {
			isa = PBXShellScriptBuildPhase;
			buildActionMask = 2147483647;
			files = (
			);
			inputFileListPaths = (
			);
			inputPaths = (
			);
			name = SwiftLint;
			outputFileListPaths = (
			);
			outputPaths = (
			);
			runOnlyForDeploymentPostprocessing = 0;
			shellPath = /bin/sh;
			shellScript = "if which swiftlint >/dev/null; then\n  swiftlint\nelse\n  echo \"warning: SwiftLint not installed, download from https://github.com/realm/SwiftLint\"\nfi\n";
		};
/* End PBXShellScriptBuildPhase section */

/* Begin PBXSourcesBuildPhase section */
		724BA47926565AF400B3B276 /* Sources */ = {
			isa = PBXSourcesBuildPhase;
			buildActionMask = 2147483647;
			files = (
				724BA48526565AF400B3B276 /* ViewController.swift in Sources */,
				72D6EDA3265683C800A16416 /* CurrentWeather.swift in Sources */,
				72D6ED9926566D2200A16416 /* NetworkWeatherManager.swift in Sources */,
				724BA48126565AF400B3B276 /* AppDelegate.swift in Sources */,
				724BA48326565AF400B3B276 /* SceneDelegate.swift in Sources */,
				72D6EDA026567C3400A16416 /* CurrentWeatherData.swift in Sources */,
				72D6ED9C26566F4E00A16416 /* Constants.swift in Sources */,
			);
			runOnlyForDeploymentPostprocessing = 0;
		};
/* End PBXSourcesBuildPhase section */

/* Begin PBXVariantGroup section */
		724BA48626565AF400B3B276 /* Main.storyboard */ = {
			isa = PBXVariantGroup;
			children = (
				724BA48726565AF400B3B276 /* Base */,
			);
			name = Main.storyboard;
			sourceTree = "<group>";
		};
		724BA48B26565AF600B3B276 /* LaunchScreen.storyboard */ = {
			isa = PBXVariantGroup;
			children = (
				724BA48C26565AF600B3B276 /* Base */,
			);
			name = LaunchScreen.storyboard;
			sourceTree = "<group>";
		};
/* End PBXVariantGroup section */

/* Begin XCBuildConfiguration section */
		724BA48F26565AF600B3B276 /* Debug */ = {
			isa = XCBuildConfiguration;
			buildSettings = {
				ALWAYS_SEARCH_USER_PATHS = NO;
				CLANG_ANALYZER_NONNULL = YES;
				CLANG_ANALYZER_NUMBER_OBJECT_CONVERSION = YES_AGGRESSIVE;
				CLANG_CXX_LANGUAGE_STANDARD = "gnu++14";
				CLANG_CXX_LIBRARY = "libc++";
				CLANG_ENABLE_MODULES = YES;
				CLANG_ENABLE_OBJC_ARC = YES;
				CLANG_ENABLE_OBJC_WEAK = YES;
				CLANG_WARN_BLOCK_CAPTURE_AUTORELEASING = YES;
				CLANG_WARN_BOOL_CONVERSION = YES;
				CLANG_WARN_COMMA = YES;
				CLANG_WARN_CONSTANT_CONVERSION = YES;
				CLANG_WARN_DEPRECATED_OBJC_IMPLEMENTATIONS = YES;
				CLANG_WARN_DIRECT_OBJC_ISA_USAGE = YES_ERROR;
				CLANG_WARN_DOCUMENTATION_COMMENTS = YES;
				CLANG_WARN_EMPTY_BODY = YES;
				CLANG_WARN_ENUM_CONVERSION = YES;
				CLANG_WARN_INFINITE_RECURSION = YES;
				CLANG_WARN_INT_CONVERSION = YES;
				CLANG_WARN_NON_LITERAL_NULL_CONVERSION = YES;
				CLANG_WARN_OBJC_IMPLICIT_RETAIN_SELF = YES;
				CLANG_WARN_OBJC_LITERAL_CONVERSION = YES;
				CLANG_WARN_OBJC_ROOT_CLASS = YES_ERROR;
				CLANG_WARN_QUOTED_INCLUDE_IN_FRAMEWORK_HEADER = YES;
				CLANG_WARN_RANGE_LOOP_ANALYSIS = YES;
				CLANG_WARN_STRICT_PROTOTYPES = YES;
				CLANG_WARN_SUSPICIOUS_MOVE = YES;
				CLANG_WARN_UNGUARDED_AVAILABILITY = YES_AGGRESSIVE;
				CLANG_WARN_UNREACHABLE_CODE = YES;
				CLANG_WARN__DUPLICATE_METHOD_MATCH = YES;
				COPY_PHASE_STRIP = NO;
				DEBUG_INFORMATION_FORMAT = dwarf;
				ENABLE_STRICT_OBJC_MSGSEND = YES;
				ENABLE_TESTABILITY = YES;
				GCC_C_LANGUAGE_STANDARD = gnu11;
				GCC_DYNAMIC_NO_PIC = NO;
				GCC_NO_COMMON_BLOCKS = YES;
				GCC_OPTIMIZATION_LEVEL = 0;
				GCC_PREPROCESSOR_DEFINITIONS = (
					"DEBUG=1",
					"$(inherited)",
				);
				GCC_WARN_64_TO_32_BIT_CONVERSION = YES;
				GCC_WARN_ABOUT_RETURN_TYPE = YES_ERROR;
				GCC_WARN_UNDECLARED_SELECTOR = YES;
				GCC_WARN_UNINITIALIZED_AUTOS = YES_AGGRESSIVE;
				GCC_WARN_UNUSED_FUNCTION = YES;
				GCC_WARN_UNUSED_VARIABLE = YES;
				IPHONEOS_DEPLOYMENT_TARGET = 14.3;
				MTL_ENABLE_DEBUG_INFO = INCLUDE_SOURCE;
				MTL_FAST_MATH = YES;
				ONLY_ACTIVE_ARCH = YES;
				SDKROOT = iphoneos;
				SWIFT_ACTIVE_COMPILATION_CONDITIONS = DEBUG;
				SWIFT_OPTIMIZATION_LEVEL = "-Onone";
			};
			name = Debug;
		};
		724BA49026565AF600B3B276 /* Release */ = {
			isa = XCBuildConfiguration;
			buildSettings = {
				ALWAYS_SEARCH_USER_PATHS = NO;
				CLANG_ANALYZER_NONNULL = YES;
				CLANG_ANALYZER_NUMBER_OBJECT_CONVERSION = YES_AGGRESSIVE;
				CLANG_CXX_LANGUAGE_STANDARD = "gnu++14";
				CLANG_CXX_LIBRARY = "libc++";
				CLANG_ENABLE_MODULES = YES;
				CLANG_ENABLE_OBJC_ARC = YES;
				CLANG_ENABLE_OBJC_WEAK = YES;
				CLANG_WARN_BLOCK_CAPTURE_AUTORELEASING = YES;
				CLANG_WARN_BOOL_CONVERSION = YES;
				CLANG_WARN_COMMA = YES;
				CLANG_WARN_CONSTANT_CONVERSION = YES;
				CLANG_WARN_DEPRECATED_OBJC_IMPLEMENTATIONS = YES;
				CLANG_WARN_DIRECT_OBJC_ISA_USAGE = YES_ERROR;
				CLANG_WARN_DOCUMENTATION_COMMENTS = YES;
				CLANG_WARN_EMPTY_BODY = YES;
				CLANG_WARN_ENUM_CONVERSION = YES;
				CLANG_WARN_INFINITE_RECURSION = YES;
				CLANG_WARN_INT_CONVERSION = YES;
				CLANG_WARN_NON_LITERAL_NULL_CONVERSION = YES;
				CLANG_WARN_OBJC_IMPLICIT_RETAIN_SELF = YES;
				CLANG_WARN_OBJC_LITERAL_CONVERSION = YES;
				CLANG_WARN_OBJC_ROOT_CLASS = YES_ERROR;
				CLANG_WARN_QUOTED_INCLUDE_IN_FRAMEWORK_HEADER = YES;
				CLANG_WARN_RANGE_LOOP_ANALYSIS = YES;
				CLANG_WARN_STRICT_PROTOTYPES = YES;
				CLANG_WARN_SUSPICIOUS_MOVE = YES;
				CLANG_WARN_UNGUARDED_AVAILABILITY = YES_AGGRESSIVE;
				CLANG_WARN_UNREACHABLE_CODE = YES;
				CLANG_WARN__DUPLICATE_METHOD_MATCH = YES;
				COPY_PHASE_STRIP = NO;
				DEBUG_INFORMATION_FORMAT = "dwarf-with-dsym";
				ENABLE_NS_ASSERTIONS = NO;
				ENABLE_STRICT_OBJC_MSGSEND = YES;
				GCC_C_LANGUAGE_STANDARD = gnu11;
				GCC_NO_COMMON_BLOCKS = YES;
				GCC_WARN_64_TO_32_BIT_CONVERSION = YES;
				GCC_WARN_ABOUT_RETURN_TYPE = YES_ERROR;
				GCC_WARN_UNDECLARED_SELECTOR = YES;
				GCC_WARN_UNINITIALIZED_AUTOS = YES_AGGRESSIVE;
				GCC_WARN_UNUSED_FUNCTION = YES;
				GCC_WARN_UNUSED_VARIABLE = YES;
				IPHONEOS_DEPLOYMENT_TARGET = 14.3;
				MTL_ENABLE_DEBUG_INFO = NO;
				MTL_FAST_MATH = YES;
				SDKROOT = iphoneos;
				SWIFT_COMPILATION_MODE = wholemodule;
				SWIFT_OPTIMIZATION_LEVEL = "-O";
				VALIDATE_PRODUCT = YES;
			};
			name = Release;
		};
		724BA49226565AF600B3B276 /* Debug */ = {
			isa = XCBuildConfiguration;
			buildSettings = {
				ASSETCATALOG_COMPILER_APPICON_NAME = AppIcon;
				ASSETCATALOG_COMPILER_GLOBAL_ACCENT_COLOR_NAME = AccentColor;
				CODE_SIGN_STYLE = Automatic;
				DEVELOPMENT_TEAM = S5BRB6N3TF;
				INFOPLIST_FILE = "MyWeather/Supporting files/Info.plist";
				LD_RUNPATH_SEARCH_PATHS = (
					"$(inherited)",
					"@executable_path/Frameworks",
				);
				PRODUCT_BUNDLE_IDENTIFIER = "Danil-Nurgaliev.MyWeather";
				PRODUCT_NAME = "$(TARGET_NAME)";
				SWIFT_VERSION = 5.0;
				TARGETED_DEVICE_FAMILY = "1,2";
			};
			name = Debug;
		};
		724BA49326565AF600B3B276 /* Release */ = {
			isa = XCBuildConfiguration;
			buildSettings = {
				ASSETCATALOG_COMPILER_APPICON_NAME = AppIcon;
				ASSETCATALOG_COMPILER_GLOBAL_ACCENT_COLOR_NAME = AccentColor;
				CODE_SIGN_STYLE = Automatic;
				DEVELOPMENT_TEAM = S5BRB6N3TF;
				INFOPLIST_FILE = "MyWeather/Supporting files/Info.plist";
				LD_RUNPATH_SEARCH_PATHS = (
					"$(inherited)",
					"@executable_path/Frameworks",
				);
				PRODUCT_BUNDLE_IDENTIFIER = "Danil-Nurgaliev.MyWeather";
				PRODUCT_NAME = "$(TARGET_NAME)";
				SWIFT_VERSION = 5.0;
				TARGETED_DEVICE_FAMILY = "1,2";
			};
			name = Release;
		};
/* End XCBuildConfiguration section */

/* Begin XCConfigurationList section */
		724BA47826565AF400B3B276 /* Build configuration list for PBXProject "MyWeather" */ = {
			isa = XCConfigurationList;
			buildConfigurations = (
				724BA48F26565AF600B3B276 /* Debug */,
				724BA49026565AF600B3B276 /* Release */,
			);
			defaultConfigurationIsVisible = 0;
			defaultConfigurationName = Release;
		};
		724BA49126565AF600B3B276 /* Build configuration list for PBXNativeTarget "MyWeather" */ = {
			isa = XCConfigurationList;
			buildConfigurations = (
				724BA49226565AF600B3B276 /* Debug */,
				724BA49326565AF600B3B276 /* Release */,
			);
			defaultConfigurationIsVisible = 0;
			defaultConfigurationName = Release;
		};
/* End XCConfigurationList section */
	};
	rootObject = 724BA47526565AF400B3B276 /* Project object */;
}
